{
  "name": "miniprogram-ts-less-quickstart",
  "version": "1.0.0",
  "lockfileVersion": 3,
  "requires": true,
  "packages": {
    "": {
      "name": "miniprogram-ts-less-quickstart",
      "version": "1.0.0",
      "license": "ISC",
      "dependencies": {
        "@vant/area-data": "^1.5.1",
        "@vant/weapp": "^1.11.7"
      },
      "devDependencies": {
        "miniprogram-api-typings": "^4.0.5"
      }
    },
    "node_modules/@vant/area-data": {
      "version": "1.5.1",
      "resolved": "https://registry.npmmirror.com/@vant/area-data/-/area-data-1.5.1.tgz",
      "integrity": "sha512-gR5TPEzTbxN1cTK1aDhCoyikSCLX7DAacxyXoKyI4SAsYYTZrDl/nLgQFIm9vLsvWzlPIda8xV8/U3x7M9k6ww=="
    },
    "node_modules/@vant/weapp": {
      "version": "1.11.7",
      "resolved": "https://registry.npmmirror.com/@vant/weapp/-/weapp-1.11.7.tgz",
      "integrity": "sha512-Rwn9BBnb4kHSV4XmvBicwtd42J+amEUfnFDcXJsGNPNX4a9c/DoT6YLsm4X1wB2+sQbdiQsbFBLAvGRBxCkD8g==",
      "license": "MIT"
    },
    "node_modules/miniprogram-api-typings": {
      "version": "4.0.5",
      "resolved": "https://registry.npmmirror.com/miniprogram-api-typings/-/miniprogram-api-typings-4.0.5.tgz",
      "integrity": "sha512-34pYYg4pwjsE752x/zs7QYLL0x0UGBL/IxTuVRRIXbFcv1msDRCWGyZK5KpsDm2P78Fdaw+B80B8R1qbvX6YhQ==",
      "dev": true,
      "license": "MIT"
    }
  }
}
